# This file is autogenerated, do not edit; changes may be undone by the next 'dep ensure'.


[[projects]]
  branch = "master"
  name = "github.com/agl/ed25519"
  packages = [
    ".",
    "edwards25519"
  ]
  revision = "5312a61534124124185d41f09206b9fef1d88403"

[[projects]]
  branch = "master"
  name = "github.com/brutella/dnssd"
  packages = [
    ".",
    "log"
  ]
  revision = "75c3c0c65b2b195ff1805209b88907db71aad88f"

[[projects]]
  branch = "master"
  name = "github.com/gosexy/to"
  packages = ["."]
  revision = "c20e083e31230b84ffa23c5d2fb0bc55f5292681"

[[projects]]
  name = "github.com/miekg/dns"
  packages = ["."]
  revision = "787fb05a250f045a0c3e676c8c499ed412633f45"
  version = "v1.0.1"

[[projects]]
  branch = "master"
  name = "github.com/tadglines/go-pkgs"
  packages = ["crypto/srp"]
  revision = "1f86682992f1a784aa7592b2be0ae80f194b2479"

[[projects]]
  branch = "master"
  name = "golang.org/x/crypto"
  packages = [
    "chacha20poly1305",
    "chacha20poly1305/internal/chacha20",
    "curve25519",
    "ed25519",
    "ed25519/internal/edwards25519",
    "hkdf",
    "poly1305"
  ]
  revision = "95a4943f35d008beabde8c11e5075a1b714e6419"

[[projects]]
  branch = "master"
  name = "golang.org/x/net"
  packages = [
    "bpf",
    "internal/iana",
    "internal/socket",
    "ipv4",
    "ipv6"
  ]
  revision = "d866cfc389cec985d6fda2859936a575a55a3ab6"

[solve-meta]
  analyzer-name = "dep"
  analyzer-version = 1
  inputs-digest = "8f9d7fa1876be5a571850e709d2e4f8154599fda60cdb33c6dad1687a5ee9d3f"
  solver-name = "gps-cdcl"
  solver-version = 1
